
Microsoft Visual Studio Solution File, Format Version 12.00
# Visual Studio Version 16
VisualStudioVersion = 16.0.30204.135
MinimumVisualStudioVersion = 10.0.40219.1
Project("{FAE04EC0-301F-11D3-BF4B-00C04F79EFBC}") = "slnMaResort", "slnMaResort\slnMaResort.csproj", "{31BBFF64-EBF4-46AE-892D-C98DED5D1199}"
EndProject
Global
	GlobalSection(SolutionConfigurationPlatforms) = preSolution
		Debug|Any CPU = Debug|Any CPU
		Release|Any CPU = Release|Any CPU
	EndGlobalSection
	GlobalSection(ProjectConfigurationPlatforms) = postSolution
		{31BBFF64-EBF4-46AE-892D-C98DED5D1199}.Debug|Any CPU.ActiveCfg = Debug|Any CPU
		{31BBFF64-EBF4-46AE-892D-C98DED5D1199}.Debug|Any CPU.Build.0 = Debug|Any CPU
		{31BBFF64-EBF4-46AE-892D-C98DED5D1199}.Release|Any CPU.ActiveCfg = Release|Any CPU
		{31BBFF64-EBF4-46AE-892D-C98DED5D1199}.Release|Any CPU.Build.0 = Release|Any CPU
	EndGlobalSection
	GlobalSection(SolutionProperties) = preSolution
		HideSolutionNode = FALSE
	EndGlobalSection
	GlobalSection(ExtensibilityGlobals) = postSolution
		SolutionGuid = {E7EEE055-F457-4F4B-8582-E190C49F26B1}
	EndGlobalSection
EndGlobal
